// !$*UTF8*$!
{
	archiveVersion = 1;
	classes = {
	};
	objectVersion = 48;
	objects = {

/* Begin PBXBuildFile section */
		538654DBF0DD4FE11024790C /* libPods-LBaseClass.a in Frameworks */ = {isa = PBXBuildFile; fileRef = C11483D60C8FB0C55F3129F7 /* libPods-LBaseClass.a */; };
		D50388491FE3D84A00BA6487 /* UIColor+Category.m in Sources */ = {isa = PBXBuildFile; fileRef = D50388481FE3D84A00BA6487 /* UIColor+Category.m */; };
		D503884E1FE4CE9E00BA6487 /* LWebView.m in Sources */ = {isa = PBXBuildFile; fileRef = D503884D1FE4CE9E00BA6487 /* LWebView.m */; };
		D5AEAFAE1FD03AA100AF2A4C /* UIDevice+IdentifierAddition.m in Sources */ = {isa = PBXBuildFile; fileRef = D5AEAFAD1FD03AA100AF2A4C /* UIDevice+IdentifierAddition.m */; };
		D5AEAFB61FD03FA400AF2A4C /* LContext.m in Sources */ = {isa = PBXBuildFile; fileRef = D5AEAFB51FD03FA400AF2A4C /* LContext.m */; };
		D5DB07381FEA599300A347B1 /* NSString+MD5.m in Sources */ = {isa = PBXBuildFile; fileRef = D5DB07371FEA599300A347B1 /* NSString+MD5.m */; };
		D5DB073B1FEA5A8200A347B1 /* NSString+Hex.m in Sources */ = {isa = PBXBuildFile; fileRef = D5DB073A1FEA5A8200A347B1 /* NSString+Hex.m */; };
		D5DB073F1FEA5C0200A347B1 /* LApp.m in Sources */ = {isa = PBXBuildFile; fileRef = D5DB073E1FEA5C0200A347B1 /* LApp.m */; };
		D5DB07421FEA619900A347B1 /* NSData+Hex.m in Sources */ = {isa = PBXBuildFile; fileRef = D5DB07411FEA619900A347B1 /* NSData+Hex.m */; };
		D5DE27EC1FCFAE48004BC8F8 /* LTableView.m in Sources */ = {isa = PBXBuildFile; fileRef = D5DE27EB1FCFAE48004BC8F8 /* LTableView.m */; };
		D5DE27EF1FCFAEC3004BC8F8 /* LTextField.m in Sources */ = {isa = PBXBuildFile; fileRef = D5DE27EE1FCFAEC3004BC8F8 /* LTextField.m */; };
		D5DE27F21FCFAF23004BC8F8 /* LTabBar.m in Sources */ = {isa = PBXBuildFile; fileRef = D5DE27F11FCFAF23004BC8F8 /* LTabBar.m */; };
		D5DE27FB1FCFAFA6004BC8F8 /* LScrollView.m in Sources */ = {isa = PBXBuildFile; fileRef = D5DE27FA1FCFAFA6004BC8F8 /* LScrollView.m */; };
		D5E136D81FEB5B5800581313 /* UIViewController+Category.m in Sources */ = {isa = PBXBuildFile; fileRef = D5E136D71FEB5B5800581313 /* UIViewController+Category.m */; };
		D5E136DF1FEB7EB000581313 /* LRequest.m in Sources */ = {isa = PBXBuildFile; fileRef = D5E136DE1FEB7EB000581313 /* LRequest.m */; };
		D5E136E21FEB7EBF00581313 /* LResponse.m in Sources */ = {isa = PBXBuildFile; fileRef = D5E136E11FEB7EBF00581313 /* LResponse.m */; };
		D5E136E81FEB9D1500581313 /* NSString+Parser.m in Sources */ = {isa = PBXBuildFile; fileRef = D5E136E71FEB9D1500581313 /* NSString+Parser.m */; };
		D5E1372C1FECCF9300581313 /* NSObject+Category.m in Sources */ = {isa = PBXBuildFile; fileRef = D5E1372B1FECCF9200581313 /* NSObject+Category.m */; };
		D5E1372E1FECE5FD00581313 /* CoreGraphics.framework in Frameworks */ = {isa = PBXBuildFile; fileRef = D5E1372D1FECE5FC00581313 /* CoreGraphics.framework */; };
		D5E137301FECE60400581313 /* Foundation.framework in Frameworks */ = {isa = PBXBuildFile; fileRef = D5E1372F1FECE60400581313 /* Foundation.framework */; };
		D5E137321FECE60C00581313 /* ImageIO.framework in Frameworks */ = {isa = PBXBuildFile; fileRef = D5E137311FECE60C00581313 /* ImageIO.framework */; };
		D5E137341FECE61400581313 /* MobileCoreServices.framework in Frameworks */ = {isa = PBXBuildFile; fileRef = D5E137331FECE61400581313 /* MobileCoreServices.framework */; };
		D5E137361FECE61B00581313 /* QuartzCore.framework in Frameworks */ = {isa = PBXBuildFile; fileRef = D5E137351FECE61A00581313 /* QuartzCore.framework */; };
		D5E137381FECE62100581313 /* Security.framework in Frameworks */ = {isa = PBXBuildFile; fileRef = D5E137371FECE62100581313 /* Security.framework */; };
		D5E1373A1FECE62800581313 /* SystemConfiguration.framework in Frameworks */ = {isa = PBXBuildFile; fileRef = D5E137391FECE62800581313 /* SystemConfiguration.framework */; };
		D5E1373C1FECE63100581313 /* UIKit.framework in Frameworks */ = {isa = PBXBuildFile; fileRef = D5E1373B1FECE63100581313 /* UIKit.framework */; };
		D5E4EEA51FCEC8DD00211899 /* README.md in Resources */ = {isa = PBXBuildFile; fileRef = D5E4EEA21FCEC8DC00211899 /* README.md */; };
		D5E4EEA61FCEC8DD00211899 /* LBaseClass.podspec in Resources */ = {isa = PBXBuildFile; fileRef = D5E4EEA31FCEC8DC00211899 /* LBaseClass.podspec */; };
		D5E4EEA71FCEC8DD00211899 /* LICENSE in Resources */ = {isa = PBXBuildFile; fileRef = D5E4EEA41FCEC8DC00211899 /* LICENSE */; };
		D5FC20321FCE9F0C0081AF72 /* AppDelegate.m in Sources */ = {isa = PBXBuildFile; fileRef = D5FC20311FCE9F0C0081AF72 /* AppDelegate.m */; };
		D5FC20351FCE9F0C0081AF72 /* ViewController.m in Sources */ = {isa = PBXBuildFile; fileRef = D5FC20341FCE9F0C0081AF72 /* ViewController.m */; };
		D5FC20381FCE9F0C0081AF72 /* Main.storyboard in Resources */ = {isa = PBXBuildFile; fileRef = D5FC20361FCE9F0C0081AF72 /* Main.storyboard */; };
		D5FC203A1FCE9F0C0081AF72 /* Assets.xcassets in Resources */ = {isa = PBXBuildFile; fileRef = D5FC20391FCE9F0C0081AF72 /* Assets.xcassets */; };
		D5FC203D1FCE9F0C0081AF72 /* LaunchScreen.storyboard in Resources */ = {isa = PBXBuildFile; fileRef = D5FC203B1FCE9F0C0081AF72 /* LaunchScreen.storyboard */; };
		D5FC20401FCE9F0C0081AF72 /* main.m in Sources */ = {isa = PBXBuildFile; fileRef = D5FC203F1FCE9F0C0081AF72 /* main.m */; };
		D5FC205A1FCE9FA10081AF72 /* LButton.m in Sources */ = {isa = PBXBuildFile; fileRef = D5FC20551FCE9FA10081AF72 /* LButton.m */; };
		D5FC205B1FCE9FA10081AF72 /* LLabel.m in Sources */ = {isa = PBXBuildFile; fileRef = D5FC20571FCE9FA10081AF72 /* LLabel.m */; };
		D5FC205C1FCE9FA10081AF72 /* LView.m in Sources */ = {isa = PBXBuildFile; fileRef = D5FC20591FCE9FA10081AF72 /* LView.m */; };
		D5FC205F1FCE9FFA0081AF72 /* LViewController.m in Sources */ = {isa = PBXBuildFile; fileRef = D5FC205E1FCE9FFA0081AF72 /* LViewController.m */; };
		D5FC20621FCEA0860081AF72 /* LTableViewController.m in Sources */ = {isa = PBXBuildFile; fileRef = D5FC20611FCEA0860081AF72 /* LTableViewController.m */; };
		D5FC20651FCEA0BF0081AF72 /* LTabBarController.m in Sources */ = {isa = PBXBuildFile; fileRef = D5FC20641FCEA0BF0081AF72 /* LTabBarController.m */; };
		D5FC20681FCEA1680081AF72 /* LNavigationController.m in Sources */ = {isa = PBXBuildFile; fileRef = D5FC20671FCEA1680081AF72 /* LNavigationController.m */; };
		D5FC206B1FCEA1930081AF72 /* LObject.m in Sources */ = {isa = PBXBuildFile; fileRef = D5FC206A1FCEA1930081AF72 /* LObject.m */; };
		D5FC206E1FCEA1A70081AF72 /* LModel.m in Sources */ = {isa = PBXBuildFile; fileRef = D5FC206D1FCEA1A70081AF72 /* LModel.m */; };
		D5FC20711FCEA1BE0081AF72 /* LImageView.m in Sources */ = {isa = PBXBuildFile; fileRef = D5FC20701FCEA1BE0081AF72 /* LImageView.m */; };
/* End PBXBuildFile section */

/* Begin PBXFileReference section */
		B0EB3550809DCC4FE8BD895D /* Pods-LBaseClass.release.xcconfig */ = {isa = PBXFileReference; includeInIndex = 1; lastKnownFileType = text.xcconfig; name = "Pods-LBaseClass.release.xcconfig"; path = "Pods/Target Support Files/Pods-LBaseClass/Pods-LBaseClass.release.xcconfig"; sourceTree = "<group>"; };
		C11483D60C8FB0C55F3129F7 /* libPods-LBaseClass.a */ = {isa = PBXFileReference; explicitFileType = archive.ar; includeInIndex = 0; path = "libPods-LBaseClass.a"; sourceTree = BUILT_PRODUCTS_DIR; };
		D50388471FE3D84A00BA6487 /* UIColor+Category.h */ = {isa = PBXFileReference; lastKnownFileType = sourcecode.c.h; path = "UIColor+Category.h"; sourceTree = "<group>"; };
		D50388481FE3D84A00BA6487 /* UIColor+Category.m */ = {isa = PBXFileReference; lastKnownFileType = sourcecode.c.objc; path = "UIColor+Category.m"; sourceTree = "<group>"; };
		D503884C1FE4CE9E00BA6487 /* LWebView.h */ = {isa = PBXFileReference; lastKnownFileType = sourcecode.c.h; path = LWebView.h; sourceTree = "<group>"; };
		D503884D1FE4CE9E00BA6487 /* LWebView.m */ = {isa = PBXFileReference; lastKnownFileType = sourcecode.c.objc; path = LWebView.m; sourceTree = "<group>"; };
		D540F5471FDFA57400AECCB7 /* LSingleton.h */ = {isa = PBXFileReference; lastKnownFileType = sourcecode.c.h; path = LSingleton.h; sourceTree = "<group>"; };
		D5AEAFAC1FD03AA100AF2A4C /* UIDevice+IdentifierAddition.h */ = {isa = PBXFileReference; lastKnownFileType = sourcecode.c.h; path = "UIDevice+IdentifierAddition.h"; sourceTree = "<group>"; };
		D5AEAFAD1FD03AA100AF2A4C /* UIDevice+IdentifierAddition.m */ = {isa = PBXFileReference; lastKnownFileType = sourcecode.c.objc; path = "UIDevice+IdentifierAddition.m"; sourceTree = "<group>"; };
		D5AEAFB41FD03FA400AF2A4C /* LContext.h */ = {isa = PBXFileReference; lastKnownFileType = sourcecode.c.h; path = LContext.h; sourceTree = "<group>"; };
		D5AEAFB51FD03FA400AF2A4C /* LContext.m */ = {isa = PBXFileReference; lastKnownFileType = sourcecode.c.objc; path = LContext.m; sourceTree = "<group>"; };
		D5DB07361FEA599300A347B1 /* NSString+MD5.h */ = {isa = PBXFileReference; lastKnownFileType = sourcecode.c.h; path = "NSString+MD5.h"; sourceTree = "<group>"; };
		D5DB07371FEA599300A347B1 /* NSString+MD5.m */ = {isa = PBXFileReference; lastKnownFileType = sourcecode.c.objc; path = "NSString+MD5.m"; sourceTree = "<group>"; };
		D5DB07391FEA5A8200A347B1 /* NSString+Hex.h */ = {isa = PBXFileReference; lastKnownFileType = sourcecode.c.h; path = "NSString+Hex.h"; sourceTree = "<group>"; };
		D5DB073A1FEA5A8200A347B1 /* NSString+Hex.m */ = {isa = PBXFileReference; lastKnownFileType = sourcecode.c.objc; path = "NSString+Hex.m"; sourceTree = "<group>"; };
		D5DB073D1FEA5C0200A347B1 /* LApp.h */ = {isa = PBXFileReference; lastKnownFileType = sourcecode.c.h; path = LApp.h; sourceTree = "<group>"; };
		D5DB073E1FEA5C0200A347B1 /* LApp.m */ = {isa = PBXFileReference; lastKnownFileType = sourcecode.c.objc; path = LApp.m; sourceTree = "<group>"; };
		D5DB07401FEA619900A347B1 /* NSData+Hex.h */ = {isa = PBXFileReference; lastKnownFileType = sourcecode.c.h; path = "NSData+Hex.h"; sourceTree = "<group>"; };
		D5DB07411FEA619900A347B1 /* NSData+Hex.m */ = {isa = PBXFileReference; lastKnownFileType = sourcecode.c.objc; path = "NSData+Hex.m"; sourceTree = "<group>"; };
		D5DE27E91FCFABEA004BC8F8 /* LBaseClass.h */ = {isa = PBXFileReference; fileEncoding = 4; lastKnownFileType = sourcecode.c.h; path = LBaseClass.h; sourceTree = "<group>"; };
		D5DE27EA1FCFAE48004BC8F8 /* LTableView.h */ = {isa = PBXFileReference; lastKnownFileType = sourcecode.c.h; path = LTableView.h; sourceTree = "<group>"; };
		D5DE27EB1FCFAE48004BC8F8 /* LTableView.m */ = {isa = PBXFileReference; lastKnownFileType = sourcecode.c.objc; path = LTableView.m; sourceTree = "<group>"; };
		D5DE27ED1FCFAEC3004BC8F8 /* LTextField.h */ = {isa = PBXFileReference; lastKnownFileType = sourcecode.c.h; path = LTextField.h; sourceTree = "<group>"; };
		D5DE27EE1FCFAEC3004BC8F8 /* LTextField.m */ = {isa = PBXFileReference; lastKnownFileType = sourcecode.c.objc; path = LTextField.m; sourceTree = "<group>"; };
		D5DE27F01FCFAF23004BC8F8 /* LTabBar.h */ = {isa = PBXFileReference; lastKnownFileType = sourcecode.c.h; path = LTabBar.h; sourceTree = "<group>"; };
		D5DE27F11FCFAF23004BC8F8 /* LTabBar.m */ = {isa = PBXFileReference; lastKnownFileType = sourcecode.c.objc; path = LTabBar.m; sourceTree = "<group>"; };
		D5DE27F91FCFAFA6004BC8F8 /* LScrollView.h */ = {isa = PBXFileReference; lastKnownFileType = sourcecode.c.h; path = LScrollView.h; sourceTree = "<group>"; };
		D5DE27FA1FCFAFA6004BC8F8 /* LScrollView.m */ = {isa = PBXFileReference; lastKnownFileType = sourcecode.c.objc; path = LScrollView.m; sourceTree = "<group>"; };
		D5DE27FF1FCFC118004BC8F8 /* LInitProtocol.h */ = {isa = PBXFileReference; lastKnownFileType = sourcecode.c.h; path = LInitProtocol.h; sourceTree = "<group>"; };
		D5E136D61FEB5B5800581313 /* UIViewController+Category.h */ = {isa = PBXFileReference; lastKnownFileType = sourcecode.c.h; path = "UIViewController+Category.h"; sourceTree = "<group>"; };
		D5E136D71FEB5B5800581313 /* UIViewController+Category.m */ = {isa = PBXFileReference; lastKnownFileType = sourcecode.c.objc; path = "UIViewController+Category.m"; sourceTree = "<group>"; };
		D5E136DB1FEB7A3400581313 /* LReflectProtocol.h */ = {isa = PBXFileReference; lastKnownFileType = sourcecode.c.h; path = LReflectProtocol.h; sourceTree = "<group>"; };
		D5E136DD1FEB7EB000581313 /* LRequest.h */ = {isa = PBXFileReference; lastKnownFileType = sourcecode.c.h; path = LRequest.h; sourceTree = "<group>"; };
		D5E136DE1FEB7EB000581313 /* LRequest.m */ = {isa = PBXFileReference; lastKnownFileType = sourcecode.c.objc; path = LRequest.m; sourceTree = "<group>"; };
		D5E136E01FEB7EBF00581313 /* LResponse.h */ = {isa = PBXFileReference; lastKnownFileType = sourcecode.c.h; path = LResponse.h; sourceTree = "<group>"; };
		D5E136E11FEB7EBF00581313 /* LResponse.m */ = {isa = PBXFileReference; lastKnownFileType = sourcecode.c.objc; path = LResponse.m; sourceTree = "<group>"; };
		D5E136E51FEB83BC00581313 /* LSerializableProtocol.h */ = {isa = PBXFileReference; lastKnownFileType = sourcecode.c.h; path = LSerializableProtocol.h; sourceTree = "<group>"; };
		D5E136E61FEB9D1500581313 /* NSString+Parser.h */ = {isa = PBXFileReference; lastKnownFileType = sourcecode.c.h; path = "NSString+Parser.h"; sourceTree = "<group>"; };
		D5E136E71FEB9D1500581313 /* NSString+Parser.m */ = {isa = PBXFileReference; lastKnownFileType = sourcecode.c.objc; path = "NSString+Parser.m"; sourceTree = "<group>"; };
		D5E136F01FEBB51F00581313 /* LDefine.h */ = {isa = PBXFileReference; lastKnownFileType = sourcecode.c.h; path = LDefine.h; sourceTree = "<group>"; };
		D5E1372A1FECCF9200581313 /* NSObject+Category.h */ = {isa = PBXFileReference; lastKnownFileType = sourcecode.c.h; path = "NSObject+Category.h"; sourceTree = "<group>"; };
		D5E1372B1FECCF9200581313 /* NSObject+Category.m */ = {isa = PBXFileReference; lastKnownFileType = sourcecode.c.objc; path = "NSObject+Category.m"; sourceTree = "<group>"; };
		D5E1372D1FECE5FC00581313 /* CoreGraphics.framework */ = {isa = PBXFileReference; lastKnownFileType = wrapper.framework; name = CoreGraphics.framework; path = System/Library/Frameworks/CoreGraphics.framework; sourceTree = SDKROOT; };
		D5E1372F1FECE60400581313 /* Foundation.framework */ = {isa = PBXFileReference; lastKnownFileType = wrapper.framework; name = Foundation.framework; path = System/Library/Frameworks/Foundation.framework; sourceTree = SDKROOT; };
		D5E137311FECE60C00581313 /* ImageIO.framework */ = {isa = PBXFileReference; lastKnownFileType = wrapper.framework; name = ImageIO.framework; path = System/Library/Frameworks/ImageIO.framework; sourceTree = SDKROOT; };
		D5E137331FECE61400581313 /* MobileCoreServices.framework */ = {isa = PBXFileReference; lastKnownFileType = wrapper.framework; name = MobileCoreServices.framework; path = System/Library/Frameworks/MobileCoreServices.framework; sourceTree = SDKROOT; };
		D5E137351FECE61A00581313 /* QuartzCore.framework */ = {isa = PBXFileReference; lastKnownFileType = wrapper.framework; name = QuartzCore.framework; path = System/Library/Frameworks/QuartzCore.framework; sourceTree = SDKROOT; };
		D5E137371FECE62100581313 /* Security.framework */ = {isa = PBXFileReference; lastKnownFileType = wrapper.framework; name = Security.framework; path = System/Library/Frameworks/Security.framework; sourceTree = SDKROOT; };
		D5E137391FECE62800581313 /* SystemConfiguration.framework */ = {isa = PBXFileReference; lastKnownFileType = wrapper.framework; name = SystemConfiguration.framework; path = System/Library/Frameworks/SystemConfiguration.framework; sourceTree = SDKROOT; };
		D5E1373B1FECE63100581313 /* UIKit.framework */ = {isa = PBXFileReference; lastKnownFileType = wrapper.framework; name = UIKit.framework; path = System/Library/Frameworks/UIKit.framework; sourceTree = SDKROOT; };
		D5E4EEA21FCEC8DC00211899 /* README.md */ = {isa = PBXFileReference; fileEncoding = 4; lastKnownFileType = net.daringfireball.markdown; path = README.md; sourceTree = "<group>"; };
		D5E4EEA31FCEC8DC00211899 /* LBaseClass.podspec */ = {isa = PBXFileReference; fileEncoding = 4; lastKnownFileType = text; path = LBaseClass.podspec; sourceTree = "<group>"; };
		D5E4EEA41FCEC8DC00211899 /* LICENSE */ = {isa = PBXFileReference; fileEncoding = 4; lastKnownFileType = text; path = LICENSE; sourceTree = "<group>"; };
		D5FC202D1FCE9F0C0081AF72 /* LBaseClass.app */ = {isa = PBXFileReference; explicitFileType = wrapper.application; includeInIndex = 0; path = LBaseClass.app; sourceTree = BUILT_PRODUCTS_DIR; };
		D5FC20301FCE9F0C0081AF72 /* AppDelegate.h */ = {isa = PBXFileReference; lastKnownFileType = sourcecode.c.h; path = AppDelegate.h; sourceTree = "<group>"; };
		D5FC20311FCE9F0C0081AF72 /* AppDelegate.m */ = {isa = PBXFileReference; lastKnownFileType = sourcecode.c.objc; path = AppDelegate.m; sourceTree = "<group>"; };
		D5FC20331FCE9F0C0081AF72 /* ViewController.h */ = {isa = PBXFileReference; lastKnownFileType = sourcecode.c.h; path = ViewController.h; sourceTree = "<group>"; };
		D5FC20341FCE9F0C0081AF72 /* ViewController.m */ = {isa = PBXFileReference; lastKnownFileType = sourcecode.c.objc; path = ViewController.m; sourceTree = "<group>"; };
		D5FC20371FCE9F0C0081AF72 /* Base */ = {isa = PBXFileReference; lastKnownFileType = file.storyboard; name = Base; path = Base.lproj/Main.storyboard; sourceTree = "<group>"; };
		D5FC20391FCE9F0C0081AF72 /* Assets.xcassets */ = {isa = PBXFileReference; lastKnownFileType = folder.assetcatalog; path = Assets.xcassets; sourceTree = "<group>"; };
		D5FC203C1FCE9F0C0081AF72 /* Base */ = {isa = PBXFileReference; lastKnownFileType = file.storyboard; name = Base; path = Base.lproj/LaunchScreen.storyboard; sourceTree = "<group>"; };
		D5FC203E1FCE9F0C0081AF72 /* Info.plist */ = {isa = PBXFileReference; lastKnownFileType = text.plist.xml; path = Info.plist; sourceTree = "<group>"; };
		D5FC203F1FCE9F0C0081AF72 /* main.m */ = {isa = PBXFileReference; lastKnownFileType = sourcecode.c.objc; path = main.m; sourceTree = "<group>"; };
		D5FC20541FCE9FA10081AF72 /* LButton.h */ = {isa = PBXFileReference; fileEncoding = 4; lastKnownFileType = sourcecode.c.h; path = LButton.h; sourceTree = "<group>"; };
		D5FC20551FCE9FA10081AF72 /* LButton.m */ = {isa = PBXFileReference; fileEncoding = 4; lastKnownFileType = sourcecode.c.objc; path = LButton.m; sourceTree = "<group>"; };
		D5FC20561FCE9FA10081AF72 /* LLabel.h */ = {isa = PBXFileReference; fileEncoding = 4; lastKnownFileType = sourcecode.c.h; path = LLabel.h; sourceTree = "<group>"; };
		D5FC20571FCE9FA10081AF72 /* LLabel.m */ = {isa = PBXFileReference; fileEncoding = 4; lastKnownFileType = sourcecode.c.objc; path = LLabel.m; sourceTree = "<group>"; };
		D5FC20581FCE9FA10081AF72 /* LView.h */ = {isa = PBXFileReference; fileEncoding = 4; lastKnownFileType = sourcecode.c.h; path = LView.h; sourceTree = "<group>"; };
		D5FC20591FCE9FA10081AF72 /* LView.m */ = {isa = PBXFileReference; fileEncoding = 4; lastKnownFileType = sourcecode.c.objc; path = LView.m; sourceTree = "<group>"; };
		D5FC205D1FCE9FFA0081AF72 /* LViewController.h */ = {isa = PBXFileReference; lastKnownFileType = sourcecode.c.h; path = LViewController.h; sourceTree = "<group>"; };
		D5FC205E1FCE9FFA0081AF72 /* LViewController.m */ = {isa = PBXFileReference; lastKnownFileType = sourcecode.c.objc; path = LViewController.m; sourceTree = "<group>"; };
		D5FC20601FCEA0860081AF72 /* LTableViewController.h */ = {isa = PBXFileReference; lastKnownFileType = sourcecode.c.h; path = LTableViewController.h; sourceTree = "<group>"; };
		D5FC20611FCEA0860081AF72 /* LTableViewController.m */ = {isa = PBXFileReference; lastKnownFileType = sourcecode.c.objc; path = LTableViewController.m; sourceTree = "<group>"; };
		D5FC20631FCEA0BF0081AF72 /* LTabBarController.h */ = {isa = PBXFileReference; lastKnownFileType = sourcecode.c.h; path = LTabBarController.h; sourceTree = "<group>"; };
		D5FC20641FCEA0BF0081AF72 /* LTabBarController.m */ = {isa = PBXFileReference; lastKnownFileType = sourcecode.c.objc; path = LTabBarController.m; sourceTree = "<group>"; };
		D5FC20661FCEA1680081AF72 /* LNavigationController.h */ = {isa = PBXFileReference; lastKnownFileType = sourcecode.c.h; path = LNavigationController.h; sourceTree = "<group>"; };
		D5FC20671FCEA1680081AF72 /* LNavigationController.m */ = {isa = PBXFileReference; lastKnownFileType = sourcecode.c.objc; path = LNavigationController.m; sourceTree = "<group>"; };
		D5FC20691FCEA1930081AF72 /* LObject.h */ = {isa = PBXFileReference; lastKnownFileType = sourcecode.c.h; path = LObject.h; sourceTree = "<group>"; };
		D5FC206A1FCEA1930081AF72 /* LObject.m */ = {isa = PBXFileReference; lastKnownFileType = sourcecode.c.objc; path = LObject.m; sourceTree = "<group>"; };
		D5FC206C1FCEA1A70081AF72 /* LModel.h */ = {isa = PBXFileReference; lastKnownFileType = sourcecode.c.h; path = LModel.h; sourceTree = "<group>"; };
		D5FC206D1FCEA1A70081AF72 /* LModel.m */ = {isa = PBXFileReference; lastKnownFileType = sourcecode.c.objc; path = LModel.m; sourceTree = "<group>"; };
		D5FC206F1FCEA1BE0081AF72 /* LImageView.h */ = {isa = PBXFileReference; lastKnownFileType = sourcecode.c.h; path = LImageView.h; sourceTree = "<group>"; };
		D5FC20701FCEA1BE0081AF72 /* LImageView.m */ = {isa = PBXFileReference; lastKnownFileType = sourcecode.c.objc; path = LImageView.m; sourceTree = "<group>"; };
		E8EEC17AAA58C7D7E79604B4 /* Pods-LBaseClass.debug.xcconfig */ = {isa = PBXFileReference; includeInIndex = 1; lastKnownFileType = text.xcconfig; name = "Pods-LBaseClass.debug.xcconfig"; path = "Pods/Target Support Files/Pods-LBaseClass/Pods-LBaseClass.debug.xcconfig"; sourceTree = "<group>"; };
/* End PBXFileReference section */

/* Begin PBXFrameworksBuildPhase section */
		D5FC202A1FCE9F0C0081AF72 /* Frameworks */ = {
			isa = PBXFrameworksBuildPhase;
			buildActionMask = 2147483647;
			files = (
				D5E1373C1FECE63100581313 /* UIKit.framework in Frameworks */,
				D5E1373A1FECE62800581313 /* SystemConfiguration.framework in Frameworks */,
				D5E137381FECE62100581313 /* Security.framework in Frameworks */,
				D5E137361FECE61B00581313 /* QuartzCore.framework in Frameworks */,
				D5E137341FECE61400581313 /* MobileCoreServices.framework in Frameworks */,
				D5E137321FECE60C00581313 /* ImageIO.framework in Frameworks */,
				D5E137301FECE60400581313 /* Foundation.framework in Frameworks */,
				D5E1372E1FECE5FD00581313 /* CoreGraphics.framework in Frameworks */,
				538654DBF0DD4FE11024790C /* libPods-LBaseClass.a in Frameworks */,
			);
			runOnlyForDeploymentPostprocessing = 0;
		};
/* End PBXFrameworksBuildPhase section */

/* Begin PBXGroup section */
		38CBAD5F8F2EBC3F574AA8BA /* Frameworks */ = {
			isa = PBXGroup;
			children = (
				D5E1372D1FECE5FC00581313 /* CoreGraphics.framework */,
				D5E1372F1FECE60400581313 /* Foundation.framework */,
				D5E137311FECE60C00581313 /* ImageIO.framework */,
				C11483D60C8FB0C55F3129F7 /* libPods-LBaseClass.a */,
				D5E137331FECE61400581313 /* MobileCoreServices.framework */,
				D5E137351FECE61A00581313 /* QuartzCore.framework */,
				D5E137371FECE62100581313 /* Security.framework */,
				D5E137391FECE62800581313 /* SystemConfiguration.framework */,
				D5E1373B1FECE63100581313 /* UIKit.framework */,
			);
			name = Frameworks;
			sourceTree = "<group>";
		};
		6D34667850A5B90AC99D8480 /* Pods */ = {
			isa = PBXGroup;
			children = (
				E8EEC17AAA58C7D7E79604B4 /* Pods-LBaseClass.debug.xcconfig */,
				B0EB3550809DCC4FE8BD895D /* Pods-LBaseClass.release.xcconfig */,
			);
			name = Pods;
			sourceTree = "<group>";
		};
		D5AEAFAF1FD03C2B00AF2A4C /* LSingleton */ = {
			isa = PBXGroup;
			children = (
				D540F5471FDFA57400AECCB7 /* LSingleton.h */,
			);
			path = LSingleton;
			sourceTree = "<group>";
		};
		D5AEAFB31FD03F9000AF2A4C /* LContext */ = {
			isa = PBXGroup;
			children = (
				D5AEAFB41FD03FA400AF2A4C /* LContext.h */,
				D5AEAFB51FD03FA400AF2A4C /* LContext.m */,
			);
			path = LContext;
			sourceTree = "<group>";
		};
		D5DB073C1FEA5BF100A347B1 /* LApp */ = {
			isa = PBXGroup;
			children = (
				D5DB073D1FEA5C0200A347B1 /* LApp.h */,
				D5DB073E1FEA5C0200A347B1 /* LApp.m */,
			);
			path = LApp;
			sourceTree = "<group>";
		};
		D5DE27FE1FCFC0FB004BC8F8 /* LProtocol */ = {
			isa = PBXGroup;
			children = (
				D5DE27FF1FCFC118004BC8F8 /* LInitProtocol.h */,
				D5E136DB1FEB7A3400581313 /* LReflectProtocol.h */,
				D5E136E51FEB83BC00581313 /* LSerializableProtocol.h */,
			);
			path = LProtocol;
			sourceTree = "<group>";
		};
		D5DE28051FCFE65F004BC8F8 /* LCategory */ = {
			isa = PBXGroup;
			children = (
				D5DB07401FEA619900A347B1 /* NSData+Hex.h */,
				D5DB07411FEA619900A347B1 /* NSData+Hex.m */,
				D5E1372A1FECCF9200581313 /* NSObject+Category.h */,
				D5E1372B1FECCF9200581313 /* NSObject+Category.m */,
				D5DB07391FEA5A8200A347B1 /* NSString+Hex.h */,
				D5DB073A1FEA5A8200A347B1 /* NSString+Hex.m */,
				D5DB07361FEA599300A347B1 /* NSString+MD5.h */,
				D5DB07371FEA599300A347B1 /* NSString+MD5.m */,
				D5E136E61FEB9D1500581313 /* NSString+Parser.h */,
				D5E136E71FEB9D1500581313 /* NSString+Parser.m */,
				D50388471FE3D84A00BA6487 /* UIColor+Category.h */,
				D50388481FE3D84A00BA6487 /* UIColor+Category.m */,
				D5AEAFAC1FD03AA100AF2A4C /* UIDevice+IdentifierAddition.h */,
				D5AEAFAD1FD03AA100AF2A4C /* UIDevice+IdentifierAddition.m */,
				D5E136D61FEB5B5800581313 /* UIViewController+Category.h */,
				D5E136D71FEB5B5800581313 /* UIViewController+Category.m */,
			);
			path = LCategory;
			sourceTree = "<group>";
		};
		D5E136DC1FEB7E8A00581313 /* LNetwork */ = {
			isa = PBXGroup;
			children = (
				D5E136DD1FEB7EB000581313 /* LRequest.h */,
				D5E136DE1FEB7EB000581313 /* LRequest.m */,
				D5E136E01FEB7EBF00581313 /* LResponse.h */,
				D5E136E11FEB7EBF00581313 /* LResponse.m */,
			);
			path = LNetwork;
			sourceTree = "<group>";
		};
		D5E136EF1FEBB50700581313 /* LResource */ = {
			isa = PBXGroup;
			children = (
				D5E136F01FEBB51F00581313 /* LDefine.h */,
			);
			path = LResource;
			sourceTree = "<group>";
		};
		D5FC20241FCE9F0C0081AF72 = {
			isa = PBXGroup;
			children = (
				38CBAD5F8F2EBC3F574AA8BA /* Frameworks */,
				D5FC202F1FCE9F0C0081AF72 /* LBaseClass */,
				D5E4EEA31FCEC8DC00211899 /* LBaseClass.podspec */,
				D5E4EEA41FCEC8DC00211899 /* LICENSE */,
				6D34667850A5B90AC99D8480 /* Pods */,
				D5FC202E1FCE9F0C0081AF72 /* Products */,
				D5E4EEA21FCEC8DC00211899 /* README.md */,
			);
			sourceTree = "<group>";
		};
		D5FC202E1FCE9F0C0081AF72 /* Products */ = {
			isa = PBXGroup;
			children = (
				D5FC202D1FCE9F0C0081AF72 /* LBaseClass.app */,
			);
			name = Products;
			sourceTree = "<group>";
		};
		D5FC202F1FCE9F0C0081AF72 /* LBaseClass */ = {
			isa = PBXGroup;
			children = (
				D5FC20301FCE9F0C0081AF72 /* AppDelegate.h */,
				D5FC20311FCE9F0C0081AF72 /* AppDelegate.m */,
				D5FC20391FCE9F0C0081AF72 /* Assets.xcassets */,
				D5FC203E1FCE9F0C0081AF72 /* Info.plist */,
				D5FC203B1FCE9F0C0081AF72 /* LaunchScreen.storyboard */,
				D5FC20501FCE9FA00081AF72 /* LBaseClass */,
				D5FC203F1FCE9F0C0081AF72 /* main.m */,
				D5FC20361FCE9F0C0081AF72 /* Main.storyboard */,
				D5FC20331FCE9F0C0081AF72 /* ViewController.h */,
				D5FC20341FCE9F0C0081AF72 /* ViewController.m */,
			);
			path = LBaseClass;
			sourceTree = "<group>";
		};
		D5FC20501FCE9FA00081AF72 /* LBaseClass */ = {
			isa = PBXGroup;
			children = (
				D5DB073C1FEA5BF100A347B1 /* LApp */,
				D5DE27E91FCFABEA004BC8F8 /* LBaseClass.h */,
				D5DE28051FCFE65F004BC8F8 /* LCategory */,
				D5AEAFB31FD03F9000AF2A4C /* LContext */,
				D5FC20511FCE9FA10081AF72 /* LController */,
				D5FC20521FCE9FA10081AF72 /* LModel */,
				D5E136DC1FEB7E8A00581313 /* LNetwork */,
				D5DE27FE1FCFC0FB004BC8F8 /* LProtocol */,
				D5E136EF1FEBB50700581313 /* LResource */,
				D5AEAFAF1FD03C2B00AF2A4C /* LSingleton */,
				D5FC20531FCE9FA10081AF72 /* LView */,
			);
			path = LBaseClass;
			sourceTree = "<group>";
		};
		D5FC20511FCE9FA10081AF72 /* LController */ = {
			isa = PBXGroup;
			children = (
				D5FC20661FCEA1680081AF72 /* LNavigationController.h */,
				D5FC20671FCEA1680081AF72 /* LNavigationController.m */,
				D5FC20631FCEA0BF0081AF72 /* LTabBarController.h */,
				D5FC20641FCEA0BF0081AF72 /* LTabBarController.m */,
				D5FC20601FCEA0860081AF72 /* LTableViewController.h */,
				D5FC20611FCEA0860081AF72 /* LTableViewController.m */,
				D5FC205D1FCE9FFA0081AF72 /* LViewController.h */,
				D5FC205E1FCE9FFA0081AF72 /* LViewController.m */,
			);
			path = LController;
			sourceTree = "<group>";
		};
		D5FC20521FCE9FA10081AF72 /* LModel */ = {
			isa = PBXGroup;
			children = (
				D5FC206C1FCEA1A70081AF72 /* LModel.h */,
				D5FC206D1FCEA1A70081AF72 /* LModel.m */,
				D5FC20691FCEA1930081AF72 /* LObject.h */,
				D5FC206A1FCEA1930081AF72 /* LObject.m */,
			);
			path = LModel;
			sourceTree = "<group>";
		};
		D5FC20531FCE9FA10081AF72 /* LView */ = {
			isa = PBXGroup;
			children = (
				D5FC20541FCE9FA10081AF72 /* LButton.h */,
				D5FC20551FCE9FA10081AF72 /* LButton.m */,
				D5FC206F1FCEA1BE0081AF72 /* LImageView.h */,
				D5FC20701FCEA1BE0081AF72 /* LImageView.m */,
				D5FC20561FCE9FA10081AF72 /* LLabel.h */,
				D5FC20571FCE9FA10081AF72 /* LLabel.m */,
				D5DE27F91FCFAFA6004BC8F8 /* LScrollView.h */,
				D5DE27FA1FCFAFA6004BC8F8 /* LScrollView.m */,
				D5DE27F01FCFAF23004BC8F8 /* LTabBar.h */,
				D5DE27F11FCFAF23004BC8F8 /* LTabBar.m */,
				D5DE27EA1FCFAE48004BC8F8 /* LTableView.h */,
				D5DE27EB1FCFAE48004BC8F8 /* LTableView.m */,
				D5DE27ED1FCFAEC3004BC8F8 /* LTextField.h */,
				D5DE27EE1FCFAEC3004BC8F8 /* LTextField.m */,
				D5FC20581FCE9FA10081AF72 /* LView.h */,
				D5FC20591FCE9FA10081AF72 /* LView.m */,
				D503884C1FE4CE9E00BA6487 /* LWebView.h */,
				D503884D1FE4CE9E00BA6487 /* LWebView.m */,
			);
			path = LView;
			sourceTree = "<group>";
		};
/* End PBXGroup section */

/* Begin PBXNativeTarget section */
		D5FC202C1FCE9F0C0081AF72 /* LBaseClass */ = {
			isa = PBXNativeTarget;
			buildConfigurationList = D5FC20431FCE9F0C0081AF72 /* Build configuration list for PBXNativeTarget "LBaseClass" */;
			buildPhases = (
				E6D100C78BD8E3A47976511B /* [CP] Check Pods Manifest.lock */,
				D5FC20291FCE9F0C0081AF72 /* Sources */,
				D5FC202A1FCE9F0C0081AF72 /* Frameworks */,
				D5FC202B1FCE9F0C0081AF72 /* Resources */,
				617E212FE8D7E0DF7D7F839E /* [CP] Embed Pods Frameworks */,
				BBB532684D8E5247365CAC56 /* [CP] Copy Pods Resources */,
			);
			buildRules = (
			);
			dependencies = (
			);
			name = LBaseClass;
			productName = LBaseClass;
			productReference = D5FC202D1FCE9F0C0081AF72 /* LBaseClass.app */;
			productType = "com.apple.product-type.application";
		};
/* End PBXNativeTarget section */

/* Begin PBXProject section */
		D5FC20251FCE9F0C0081AF72 /* Project object */ = {
			isa = PBXProject;
			attributes = {
				LastUpgradeCheck = 0910;
				ORGANIZATIONNAME = liqiang;
				TargetAttributes = {
					D5FC202C1FCE9F0C0081AF72 = {
						CreatedOnToolsVersion = 9.1;
						ProvisioningStyle = Automatic;
					};
				};
			};
			buildConfigurationList = D5FC20281FCE9F0C0081AF72 /* Build configuration list for PBXProject "LBaseClass" */;
			compatibilityVersion = "Xcode 8.0";
			developmentRegion = en;
			hasScannedForEncodings = 0;
			knownRegions = (
				en,
				Base,
			);
			mainGroup = D5FC20241FCE9F0C0081AF72;
			productRefGroup = D5FC202E1FCE9F0C0081AF72 /* Products */;
			projectDirPath = "";
			projectRoot = "";
			targets = (
				D5FC202C1FCE9F0C0081AF72 /* LBaseClass */,
			);
		};
/* End PBXProject section */

/* Begin PBXResourcesBuildPhase section */
		D5FC202B1FCE9F0C0081AF72 /* Resources */ = {
			isa = PBXResourcesBuildPhase;
			buildActionMask = 2147483647;
			files = (
				D5E4EEA71FCEC8DD00211899 /* LICENSE in Resources */,
				D5E4EEA61FCEC8DD00211899 /* LBaseClass.podspec in Resources */,
				D5FC203D1FCE9F0C0081AF72 /* LaunchScreen.storyboard in Resources */,
				D5FC203A1FCE9F0C0081AF72 /* Assets.xcassets in Resources */,
				D5E4EEA51FCEC8DD00211899 /* README.md in Resources */,
				D5FC20381FCE9F0C0081AF72 /* Main.storyboard in Resources */,
			);
			runOnlyForDeploymentPostprocessing = 0;
		};
/* End PBXResourcesBuildPhase section */

/* Begin PBXShellScriptBuildPhase section */
		617E212FE8D7E0DF7D7F839E /* [CP] Embed Pods Frameworks */ = {
			isa = PBXShellScriptBuildPhase;
			buildActionMask = 2147483647;
			files = (
			);
			inputPaths = (
			);
			name = "[CP] Embed Pods Frameworks";
			outputPaths = (
			);
			runOnlyForDeploymentPostprocessing = 0;
			shellPath = /bin/sh;
			shellScript = "\"${SRCROOT}/Pods/Target Support Files/Pods-LBaseClass/Pods-LBaseClass-frameworks.sh\"\n";
			showEnvVarsInLog = 0;
		};
		BBB532684D8E5247365CAC56 /* [CP] Copy Pods Resources */ = {
			isa = PBXShellScriptBuildPhase;
			buildActionMask = 2147483647;
			files = (
			);
			inputPaths = (
				"${SRCROOT}/Pods/Target Support Files/Pods-LBaseClass/Pods-LBaseClass-resources.sh",
				"${PODS_ROOT}/MJRefresh/MJRefresh/MJRefresh.bundle",
			);
			name = "[CP] Copy Pods Resources";
			outputPaths = (
				"${TARGET_BUILD_DIR}/${UNLOCALIZED_RESOURCES_FOLDER_PATH}",
			);
			runOnlyForDeploymentPostprocessing = 0;
			shellPath = /bin/sh;
			shellScript = "\"${SRCROOT}/Pods/Target Support Files/Pods-LBaseClass/Pods-LBaseClass-resources.sh\"\n";
			showEnvVarsInLog = 0;
		};
		E6D100C78BD8E3A47976511B /* [CP] Check Pods Manifest.lock */ = {
			isa = PBXShellScriptBuildPhase;
			buildActionMask = 2147483647;
			files = (
			);
			inputPaths = (
				"${PODS_PODFILE_DIR_PATH}/Podfile.lock",
				"${PODS_ROOT}/Manifest.lock",
			);
			name = "[CP] Check Pods Manifest.lock";
			outputPaths = (
				"$(DERIVED_FILE_DIR)/Pods-LBaseClass-checkManifestLockResult.txt",
			);
			runOnlyForDeploymentPostprocessing = 0;
			shellPath = /bin/sh;
			shellScript = "diff \"${PODS_PODFILE_DIR_PATH}/Podfile.lock\" \"${PODS_ROOT}/Manifest.lock\" > /dev/null\nif [ $? != 0 ] ; then\n    # print error to STDERR\n    echo \"error: The sandbox is not in sync with the Podfile.lock. Run 'pod install' or update your CocoaPods installation.\" >&2\n    exit 1\nfi\n# This output is used by Xcode 'outputs' to avoid re-running this script phase.\necho \"SUCCESS\" > \"${SCRIPT_OUTPUT_FILE_0}\"\n";
			showEnvVarsInLog = 0;
		};
/* End PBXShellScriptBuildPhase section */

/* Begin PBXSourcesBuildPhase section */
		D5FC20291FCE9F0C0081AF72 /* Sources */ = {
			isa = PBXSourcesBuildPhase;
			buildActionMask = 2147483647;
			files = (
				D5DB073B1FEA5A8200A347B1 /* NSString+Hex.m in Sources */,
				D503884E1FE4CE9E00BA6487 /* LWebView.m in Sources */,
				D5E136DF1FEB7EB000581313 /* LRequest.m in Sources */,
				D5FC20681FCEA1680081AF72 /* LNavigationController.m in Sources */,
				D5DB07421FEA619900A347B1 /* NSData+Hex.m in Sources */,
				D5FC205A1FCE9FA10081AF72 /* LButton.m in Sources */,
				D5FC205B1FCE9FA10081AF72 /* LLabel.m in Sources */,
				D5DB07381FEA599300A347B1 /* NSString+MD5.m in Sources */,
				D5DE27EF1FCFAEC3004BC8F8 /* LTextField.m in Sources */,
				D5FC205F1FCE9FFA0081AF72 /* LViewController.m in Sources */,
				D5FC206E1FCEA1A70081AF72 /* LModel.m in Sources */,
				D5E136D81FEB5B5800581313 /* UIViewController+Category.m in Sources */,
				D5FC20351FCE9F0C0081AF72 /* ViewController.m in Sources */,
				D5FC20621FCEA0860081AF72 /* LTableViewController.m in Sources */,
				D50388491FE3D84A00BA6487 /* UIColor+Category.m in Sources */,
				D5FC205C1FCE9FA10081AF72 /* LView.m in Sources */,
				D5DE27EC1FCFAE48004BC8F8 /* LTableView.m in Sources */,
				D5E1372C1FECCF9300581313 /* NSObject+Category.m in Sources */,
				D5DB073F1FEA5C0200A347B1 /* LApp.m in Sources */,
				D5AEAFB61FD03FA400AF2A4C /* LContext.m in Sources */,
				D5FC20651FCEA0BF0081AF72 /* LTabBarController.m in Sources */,
				D5E136E81FEB9D1500581313 /* NSString+Parser.m in Sources */,
				D5FC20401FCE9F0C0081AF72 /* main.m in Sources */,
				D5E136E21FEB7EBF00581313 /* LResponse.m in Sources */,
				D5DE27FB1FCFAFA6004BC8F8 /* LScrollView.m in Sources */,
				D5DE27F21FCFAF23004BC8F8 /* LTabBar.m in Sources */,
				D5FC20711FCEA1BE0081AF72 /* LImageView.m in Sources */,
				D5FC206B1FCEA1930081AF72 /* LObject.m in Sources */,
				D5FC20321FCE9F0C0081AF72 /* AppDelegate.m in Sources */,
				D5AEAFAE1FD03AA100AF2A4C /* UIDevice+IdentifierAddition.m in Sources */,
			);
			runOnlyForDeploymentPostprocessing = 0;
		};
/* End PBXSourcesBuildPhase section */

/* Begin PBXVariantGroup section */
		D5FC20361FCE9F0C0081AF72 /* Main.storyboard */ = {
			isa = PBXVariantGroup;
			children = (
				D5FC20371FCE9F0C0081AF72 /* Base */,
			);
			name = Main.storyboard;
			sourceTree = "<group>";
		};
		D5FC203B1FCE9F0C0081AF72 /* LaunchScreen.storyboard */ = {
			isa = PBXVariantGroup;
			children = (
				D5FC203C1FCE9F0C0081AF72 /* Base */,
			);
			name = LaunchScreen.storyboard;
			sourceTree = "<group>";
		};
/* End PBXVariantGroup section */

/* Begin XCBuildConfiguration section */
		D5FC20411FCE9F0C0081AF72 /* Debug */ = {
			isa = XCBuildConfiguration;
			buildSettings = {
				ALWAYS_SEARCH_USER_PATHS = NO;
				CLANG_ANALYZER_NONNULL = YES;
				CLANG_ANALYZER_NUMBER_OBJECT_CONVERSION = YES_AGGRESSIVE;
				CLANG_CXX_LANGUAGE_STANDARD = "gnu++14";
				CLANG_CXX_LIBRARY = "libc++";
				CLANG_ENABLE_MODULES = YES;
				CLANG_ENABLE_OBJC_ARC = YES;
				CLANG_WARN_BLOCK_CAPTURE_AUTORELEASING = YES;
				CLANG_WARN_BOOL_CONVERSION = YES;
				CLANG_WARN_COMMA = YES;
				CLANG_WARN_CONSTANT_CONVERSION = YES;
				CLANG_WARN_DIRECT_OBJC_ISA_USAGE = YES_ERROR;
				CLANG_WARN_DOCUMENTATION_COMMENTS = YES;
				CLANG_WARN_EMPTY_BODY = YES;
				CLANG_WARN_ENUM_CONVERSION = YES;
				CLANG_WARN_INFINITE_RECURSION = YES;
				CLANG_WARN_INT_CONVERSION = YES;
				CLANG_WARN_NON_LITERAL_NULL_CONVERSION = YES;
				CLANG_WARN_OBJC_LITERAL_CONVERSION = YES;
				CLANG_WARN_OBJC_ROOT_CLASS = YES_ERROR;
				CLANG_WARN_RANGE_LOOP_ANALYSIS = YES;
				CLANG_WARN_STRICT_PROTOTYPES = YES;
				CLANG_WARN_SUSPICIOUS_MOVE = YES;
				CLANG_WARN_UNGUARDED_AVAILABILITY = YES_AGGRESSIVE;
				CLANG_WARN_UNREACHABLE_CODE = YES;
				CLANG_WARN__DUPLICATE_METHOD_MATCH = YES;
				CODE_SIGN_IDENTITY = "iPhone Developer";
				COPY_PHASE_STRIP = NO;
				DEBUG_INFORMATION_FORMAT = dwarf;
				ENABLE_STRICT_OBJC_MSGSEND = YES;
				ENABLE_TESTABILITY = YES;
				GCC_C_LANGUAGE_STANDARD = gnu11;
				GCC_DYNAMIC_NO_PIC = NO;
				GCC_NO_COMMON_BLOCKS = YES;
				GCC_OPTIMIZATION_LEVEL = 0;
				GCC_PREPROCESSOR_DEFINITIONS = (
					"DEBUG=1",
					"$(inherited)",
				);
				GCC_WARN_64_TO_32_BIT_CONVERSION = YES;
				GCC_WARN_ABOUT_RETURN_TYPE = YES_ERROR;
				GCC_WARN_UNDECLARED_SELECTOR = YES;
				GCC_WARN_UNINITIALIZED_AUTOS = YES_AGGRESSIVE;
				GCC_WARN_UNUSED_FUNCTION = YES;
				GCC_WARN_UNUSED_VARIABLE = YES;
				IPHONEOS_DEPLOYMENT_TARGET = 9.0;
				MTL_ENABLE_DEBUG_INFO = YES;
				ONLY_ACTIVE_ARCH = YES;
				SDKROOT = iphoneos;
			};
			name = Debug;
		};
		D5FC20421FCE9F0C0081AF72 /* Release */ = {
			isa = XCBuildConfiguration;
			buildSettings = {
				ALWAYS_SEARCH_USER_PATHS = NO;
				CLANG_ANALYZER_NONNULL = YES;
				CLANG_ANALYZER_NUMBER_OBJECT_CONVERSION = YES_AGGRESSIVE;
				CLANG_CXX_LANGUAGE_STANDARD = "gnu++14";
				CLANG_CXX_LIBRARY = "libc++";
				CLANG_ENABLE_MODULES = YES;
				CLANG_ENABLE_OBJC_ARC = YES;
				CLANG_WARN_BLOCK_CAPTURE_AUTORELEASING = YES;
				CLANG_WARN_BOOL_CONVERSION = YES;
				CLANG_WARN_COMMA = YES;
				CLANG_WARN_CONSTANT_CONVERSION = YES;
				CLANG_WARN_DIRECT_OBJC_ISA_USAGE = YES_ERROR;
				CLANG_WARN_DOCUMENTATION_COMMENTS = YES;
				CLANG_WARN_EMPTY_BODY = YES;
				CLANG_WARN_ENUM_CONVERSION = YES;
				CLANG_WARN_INFINITE_RECURSION = YES;
				CLANG_WARN_INT_CONVERSION = YES;
				CLANG_WARN_NON_LITERAL_NULL_CONVERSION = YES;
				CLANG_WARN_OBJC_LITERAL_CONVERSION = YES;
				CLANG_WARN_OBJC_ROOT_CLASS = YES_ERROR;
				CLANG_WARN_RANGE_LOOP_ANALYSIS = YES;
				CLANG_WARN_STRICT_PROTOTYPES = YES;
				CLANG_WARN_SUSPICIOUS_MOVE = YES;
				CLANG_WARN_UNGUARDED_AVAILABILITY = YES_AGGRESSIVE;
				CLANG_WARN_UNREACHABLE_CODE = YES;
				CLANG_WARN__DUPLICATE_METHOD_MATCH = YES;
				CODE_SIGN_IDENTITY = "iPhone Developer";
				COPY_PHASE_STRIP = NO;
				DEBUG_INFORMATION_FORMAT = "dwarf-with-dsym";
				ENABLE_NS_ASSERTIONS = NO;
				ENABLE_STRICT_OBJC_MSGSEND = YES;
				GCC_C_LANGUAGE_STANDARD = gnu11;
				GCC_NO_COMMON_BLOCKS = YES;
				GCC_WARN_64_TO_32_BIT_CONVERSION = YES;
				GCC_WARN_ABOUT_RETURN_TYPE = YES_ERROR;
				GCC_WARN_UNDECLARED_SELECTOR = YES;
				GCC_WARN_UNINITIALIZED_AUTOS = YES_AGGRESSIVE;
				GCC_WARN_UNUSED_FUNCTION = YES;
				GCC_WARN_UNUSED_VARIABLE = YES;
				IPHONEOS_DEPLOYMENT_TARGET = 9.0;
				MTL_ENABLE_DEBUG_INFO = NO;
				SDKROOT = iphoneos;
				VALIDATE_PRODUCT = YES;
			};
			name = Release;
		};
		D5FC20441FCE9F0C0081AF72 /* Debug */ = {
			isa = XCBuildConfiguration;
			baseConfigurationReference = E8EEC17AAA58C7D7E79604B4 /* Pods-LBaseClass.debug.xcconfig */;
			buildSettings = {
				ASSETCATALOG_COMPILER_APPICON_NAME = AppIcon;
				CODE_SIGN_STYLE = Automatic;
				DEVELOPMENT_TEAM = FA78T6VRG8;
				INFOPLIST_FILE = LBaseClass/Info.plist;
				IPHONEOS_DEPLOYMENT_TARGET = 9.0;
				LD_RUNPATH_SEARCH_PATHS = "$(inherited) @executable_path/Frameworks";
				PRODUCT_BUNDLE_IDENTIFIER = com.liqiang.LBaseClass;
				PRODUCT_NAME = "$(TARGET_NAME)";
				TARGETED_DEVICE_FAMILY = "1,2";
			};
			name = Debug;
		};
		D5FC20451FCE9F0C0081AF72 /* Release */ = {
			isa = XCBuildConfiguration;
			baseConfigurationReference = B0EB3550809DCC4FE8BD895D /* Pods-LBaseClass.release.xcconfig */;
			buildSettings = {
				ASSETCATALOG_COMPILER_APPICON_NAME = AppIcon;
				CODE_SIGN_STYLE = Automatic;
				DEVELOPMENT_TEAM = FA78T6VRG8;
				INFOPLIST_FILE = LBaseClass/Info.plist;
				IPHONEOS_DEPLOYMENT_TARGET = 9.0;
				LD_RUNPATH_SEARCH_PATHS = "$(inherited) @executable_path/Frameworks";
				PRODUCT_BUNDLE_IDENTIFIER = com.liqiang.LBaseClass;
				PRODUCT_NAME = "$(TARGET_NAME)";
				TARGETED_DEVICE_FAMILY = "1,2";
			};
			name = Release;
		};
/* End XCBuildConfiguration section */

/* Begin XCConfigurationList section */
		D5FC20281FCE9F0C0081AF72 /* Build configuration list for PBXProject "LBaseClass" */ = {
			isa = XCConfigurationList;
			buildConfigurations = (
				D5FC20411FCE9F0C0081AF72 /* Debug */,
				D5FC20421FCE9F0C0081AF72 /* Release */,
			);
			defaultConfigurationIsVisible = 0;
			defaultConfigurationName = Release;
		};
		D5FC20431FCE9F0C0081AF72 /* Build configuration list for PBXNativeTarget "LBaseClass" */ = {
			isa = XCConfigurationList;
			buildConfigurations = (
				D5FC20441FCE9F0C0081AF72 /* Debug */,
				D5FC20451FCE9F0C0081AF72 /* Release */,
			);
			defaultConfigurationIsVisible = 0;
			defaultConfigurationName = Release;
		};
/* End XCConfigurationList section */
	};
	rootObject = D5FC20251FCE9F0C0081AF72 /* Project object */;
}
